
Microsoft Visual Studio Solution File, Format Version 12.00
# Visual Studio Version 16
VisualStudioVersion = 16.0.29806.167
MinimumVisualStudioVersion = 10.0.40219.1
Project("{8BC9CEB8-8B4A-11D0-8D11-00A0C91BC942}") = "3.1.2 字符串的初始化", "3.1.2 字符串的初始化\3.1.2 字符串的初始化.vcxproj", "{547147EB-2CF0-4F80-BB79-F79C8D7E0015}"
EndProject
Project("{8BC9CEB8-8B4A-11D0-8D11-00A0C91BC942}") = "3.1.3 字符串的拷贝", "3.1.3 字符串的拷贝\3.1.3 字符串的拷贝.vcxproj", "{9974F11A-659D-49B5-883F-55090D673C8A}"
EndProject
Project("{8BC9CEB8-8B4A-11D0-8D11-00A0C91BC942}") = "3.1.4 字符串的连接", "3.1.4 字符串的连接\3.1.4 字符串的连接.vcxproj", "{DBA44051-A0F2-4E76-9ECE-82A7C7A64459}"
EndProject
Project("{8BC9CEB8-8B4A-11D0-8D11-00A0C91BC942}") = "1.1.2 编写第一个C 文件", "1.1.2 编写第一个C 文件\1.1.2 编写第一个C 文件.vcxproj", "{635D73F4-05C4-45A4-B3F3-8A31C4024950}"
EndProject
Project("{8BC9CEB8-8B4A-11D0-8D11-00A0C91BC942}") = "2.2.3 字符串的使用", "2.2.3 字符串的使用\2.2.3 字符串的使用.vcxproj", "{669B714A-EF70-4C57-8DB4-ED381351BA40}"
EndProject
Project("{8BC9CEB8-8B4A-11D0-8D11-00A0C91BC942}") = "3.1.5 字符串的打印", "3.1.5 字符串的打印\3.1.5 字符串的打印.vcxproj", "{3021C76E-09A4-434A-8573-3B3F83EB6086}"
EndProject
Project("{8BC9CEB8-8B4A-11D0-8D11-00A0C91BC942}") = "3.2.1 内存的分配与释放", "3.2.1 内存的分配与释放\3.2.1 内存的分配与释放.vcxproj", "{47A3078F-1C6D-48F1-88BC-C9FBB949BBF0}"
EndProject
Project("{8BC9CEB8-8B4A-11D0-8D11-00A0C91BC942}") = "3.2.2 使用LIST_ENTRY", "3.2.2 使用LIST_ENTRY\3.2.2 使用LIST_ENTRY.vcxproj", "{4294D798-D0E8-43DA-8580-7BE633F70D69}"
EndProject
Project("{8BC9CEB8-8B4A-11D0-8D11-00A0C91BC942}") = "3.2.3 使用长长整型数据", "3.2.3 使用长长整型数据\3.2.3 使用长长整型数据.vcxproj", "{C019F788-ED56-4A55-A755-7E3DDC019EC3}"
EndProject
Project("{8BC9CEB8-8B4A-11D0-8D11-00A0C91BC942}") = "3.3.1 使用自旋锁", "3.3.1 使用自旋锁\3.3.1 使用自旋锁.vcxproj", "{03AA78DD-94B8-4F59-8985-058D9275FDFD}"
EndProject
Project("{8BC9CEB8-8B4A-11D0-8D11-00A0C91BC942}") = "3.3.2 在双向链表中使用自旋锁", "3.3.2 在双向链表中使用自旋锁\3.3.2 在双向链表中使用自旋锁.vcxproj", "{428B267B-B3F2-4533-A41C-03E7DE502B11}"
EndProject
Project("{8BC9CEB8-8B4A-11D0-8D11-00A0C91BC942}") = "3.3.3 使用队列自旋锁提高性能", "3.3.3 使用队列自旋锁提高性能\3.3.3 使用队列自旋锁提高性能.vcxproj", "{56CF52F7-FC60-43F2-845F-1A9C5D986096}"
EndProject
Project("{8BC9CEB8-8B4A-11D0-8D11-00A0C91BC942}") = "4.1.2 打开和关闭文件", "4.1.2 打开和关闭文件\4.1.2 打开和关闭文件.vcxproj", "{39608262-F3F0-4694-A94C-120A61B1EC57}"
EndProject
Project("{8BC9CEB8-8B4A-11D0-8D11-00A0C91BC942}") = "4.1.3 文件读写操作", "4.1.3 文件读写操作\4.1.3 文件读写操作.vcxproj", "{B0522FC6-5C76-4A35-B643-E2AAB213DCEE}"
EndProject
Project("{8BC9CEB8-8B4A-11D0-8D11-00A0C91BC942}") = "4.2.1 注册表键的打开", "4.2.1 注册表键的打开\4.2.1 注册表键的打开.vcxproj", "{05F6C6C1-A499-4056-8243-A06732076C13}"
EndProject
Project("{8BC9CEB8-8B4A-11D0-8D11-00A0C91BC942}") = "4.2.2 注册表键值的读", "4.2.2 注册表键值的读\4.2.2 注册表键值的读.vcxproj", "{9328ED1A-35DC-4E69-9C0F-4FDF65422397}"
EndProject
Project("{8BC9CEB8-8B4A-11D0-8D11-00A0C91BC942}") = "4.2.3 注册表键值的写", "4.2.3 注册表键值的写\4.2.3 注册表键值的写.vcxproj", "{ED1AF074-6AD8-407C-B9DA-464443182454}"
EndProject
Global
	GlobalSection(SolutionConfigurationPlatforms) = preSolution
		Debug|ARM = Debug|ARM
		Debug|ARM64 = Debug|ARM64
		Debug|x64 = Debug|x64
		Debug|x86 = Debug|x86
		Release|ARM = Release|ARM
		Release|ARM64 = Release|ARM64
		Release|x64 = Release|x64
		Release|x86 = Release|x86
	EndGlobalSection
	GlobalSection(ProjectConfigurationPlatforms) = postSolution
		{547147EB-2CF0-4F80-BB79-F79C8D7E0015}.Debug|ARM.ActiveCfg = Debug|ARM
		{547147EB-2CF0-4F80-BB79-F79C8D7E0015}.Debug|ARM.Build.0 = Debug|ARM
		{547147EB-2CF0-4F80-BB79-F79C8D7E0015}.Debug|ARM.Deploy.0 = Debug|ARM
		{547147EB-2CF0-4F80-BB79-F79C8D7E0015}.Debug|ARM64.ActiveCfg = Debug|ARM64
		{547147EB-2CF0-4F80-BB79-F79C8D7E0015}.Debug|ARM64.Build.0 = Debug|ARM64
		{547147EB-2CF0-4F80-BB79-F79C8D7E0015}.Debug|ARM64.Deploy.0 = Debug|ARM64
		{547147EB-2CF0-4F80-BB79-F79C8D7E0015}.Debug|x64.ActiveCfg = Debug|x64
		{547147EB-2CF0-4F80-BB79-F79C8D7E0015}.Debug|x64.Build.0 = Debug|x64
		{547147EB-2CF0-4F80-BB79-F79C8D7E0015}.Debug|x64.Deploy.0 = Debug|x64
		{547147EB-2CF0-4F80-BB79-F79C8D7E0015}.Debug|x86.ActiveCfg = Debug|Win32
		{547147EB-2CF0-4F80-BB79-F79C8D7E0015}.Debug|x86.Build.0 = Debug|Win32
		{547147EB-2CF0-4F80-BB79-F79C8D7E0015}.Debug|x86.Deploy.0 = Debug|Win32
		{547147EB-2CF0-4F80-BB79-F79C8D7E0015}.Release|ARM.ActiveCfg = Release|ARM
		{547147EB-2CF0-4F80-BB79-F79C8D7E0015}.Release|ARM.Build.0 = Release|ARM
		{547147EB-2CF0-4F80-BB79-F79C8D7E0015}.Release|ARM.Deploy.0 = Release|ARM
		{547147EB-2CF0-4F80-BB79-F79C8D7E0015}.Release|ARM64.ActiveCfg = Release|ARM64
		{547147EB-2CF0-4F80-BB79-F79C8D7E0015}.Release|ARM64.Build.0 = Release|ARM64
		{547147EB-2CF0-4F80-BB79-F79C8D7E0015}.Release|ARM64.Deploy.0 = Release|ARM64
		{547147EB-2CF0-4F80-BB79-F79C8D7E0015}.Release|x64.ActiveCfg = Release|x64
		{547147EB-2CF0-4F80-BB79-F79C8D7E0015}.Release|x64.Build.0 = Release|x64
		{547147EB-2CF0-4F80-BB79-F79C8D7E0015}.Release|x64.Deploy.0 = Release|x64
		{547147EB-2CF0-4F80-BB79-F79C8D7E0015}.Release|x86.ActiveCfg = Release|Win32
		{547147EB-2CF0-4F80-BB79-F79C8D7E0015}.Release|x86.Build.0 = Release|Win32
		{547147EB-2CF0-4F80-BB79-F79C8D7E0015}.Release|x86.Deploy.0 = Release|Win32
		{9974F11A-659D-49B5-883F-55090D673C8A}.Debug|ARM.ActiveCfg = Debug|ARM
		{9974F11A-659D-49B5-883F-55090D673C8A}.Debug|ARM.Build.0 = Debug|ARM
		{9974F11A-659D-49B5-883F-55090D673C8A}.Debug|ARM.Deploy.0 = Debug|ARM
		{9974F11A-659D-49B5-883F-55090D673C8A}.Debug|ARM64.ActiveCfg = Debug|ARM64
		{9974F11A-659D-49B5-883F-55090D673C8A}.Debug|ARM64.Build.0 = Debug|ARM64
		{9974F11A-659D-49B5-883F-55090D673C8A}.Debug|ARM64.Deploy.0 = Debug|ARM64
		{9974F11A-659D-49B5-883F-55090D673C8A}.Debug|x64.ActiveCfg = Debug|x64
		{9974F11A-659D-49B5-883F-55090D673C8A}.Debug|x64.Build.0 = Debug|x64
		{9974F11A-659D-49B5-883F-55090D673C8A}.Debug|x64.Deploy.0 = Debug|x64
		{9974F11A-659D-49B5-883F-55090D673C8A}.Debug|x86.ActiveCfg = Debug|Win32
		{9974F11A-659D-49B5-883F-55090D673C8A}.Debug|x86.Build.0 = Debug|Win32
		{9974F11A-659D-49B5-883F-55090D673C8A}.Debug|x86.Deploy.0 = Debug|Win32
		{9974F11A-659D-49B5-883F-55090D673C8A}.Release|ARM.ActiveCfg = Release|ARM
		{9974F11A-659D-49B5-883F-55090D673C8A}.Release|ARM.Build.0 = Release|ARM
		{9974F11A-659D-49B5-883F-55090D673C8A}.Release|ARM.Deploy.0 = Release|ARM
		{9974F11A-659D-49B5-883F-55090D673C8A}.Release|ARM64.ActiveCfg = Release|ARM64
		{9974F11A-659D-49B5-883F-55090D673C8A}.Release|ARM64.Build.0 = Release|ARM64
		{9974F11A-659D-49B5-883F-55090D673C8A}.Release|ARM64.Deploy.0 = Release|ARM64
		{9974F11A-659D-49B5-883F-55090D673C8A}.Release|x64.ActiveCfg = Release|x64
		{9974F11A-659D-49B5-883F-55090D673C8A}.Release|x64.Build.0 = Release|x64
		{9974F11A-659D-49B5-883F-55090D673C8A}.Release|x64.Deploy.0 = Release|x64
		{9974F11A-659D-49B5-883F-55090D673C8A}.Release|x86.ActiveCfg = Release|Win32
		{9974F11A-659D-49B5-883F-55090D673C8A}.Release|x86.Build.0 = Release|Win32
		{9974F11A-659D-49B5-883F-55090D673C8A}.Release|x86.Deploy.0 = Release|Win32
		{DBA44051-A0F2-4E76-9ECE-82A7C7A64459}.Debug|ARM.ActiveCfg = Debug|ARM
		{DBA44051-A0F2-4E76-9ECE-82A7C7A64459}.Debug|ARM.Build.0 = Debug|ARM
		{DBA44051-A0F2-4E76-9ECE-82A7C7A64459}.Debug|ARM.Deploy.0 = Debug|ARM
		{DBA44051-A0F2-4E76-9ECE-82A7C7A64459}.Debug|ARM64.ActiveCfg = Debug|ARM64
		{DBA44051-A0F2-4E76-9ECE-82A7C7A64459}.Debug|ARM64.Build.0 = Debug|ARM64
		{DBA44051-A0F2-4E76-9ECE-82A7C7A64459}.Debug|ARM64.Deploy.0 = Debug|ARM64
		{DBA44051-A0F2-4E76-9ECE-82A7C7A64459}.Debug|x64.ActiveCfg = Debug|x64
		{DBA44051-A0F2-4E76-9ECE-82A7C7A64459}.Debug|x64.Build.0 = Debug|x64
		{DBA44051-A0F2-4E76-9ECE-82A7C7A64459}.Debug|x64.Deploy.0 = Debug|x64
		{DBA44051-A0F2-4E76-9ECE-82A7C7A64459}.Debug|x86.ActiveCfg = Debug|Win32
		{DBA44051-A0F2-4E76-9ECE-82A7C7A64459}.Debug|x86.Build.0 = Debug|Win32
		{DBA44051-A0F2-4E76-9ECE-82A7C7A64459}.Debug|x86.Deploy.0 = Debug|Win32
		{DBA44051-A0F2-4E76-9ECE-82A7C7A64459}.Release|ARM.ActiveCfg = Release|ARM
		{DBA44051-A0F2-4E76-9ECE-82A7C7A64459}.Release|ARM.Build.0 = Release|ARM
		{DBA44051-A0F2-4E76-9ECE-82A7C7A64459}.Release|ARM.Deploy.0 = Release|ARM
		{DBA44051-A0F2-4E76-9ECE-82A7C7A64459}.Release|ARM64.ActiveCfg = Release|ARM64
		{DBA44051-A0F2-4E76-9ECE-82A7C7A64459}.Release|ARM64.Build.0 = Release|ARM64
		{DBA44051-A0F2-4E76-9ECE-82A7C7A64459}.Release|ARM64.Deploy.0 = Release|ARM64
		{DBA44051-A0F2-4E76-9ECE-82A7C7A64459}.Release|x64.ActiveCfg = Release|x64
		{DBA44051-A0F2-4E76-9ECE-82A7C7A64459}.Release|x64.Build.0 = Release|x64
		{DBA44051-A0F2-4E76-9ECE-82A7C7A64459}.Release|x64.Deploy.0 = Release|x64
		{DBA44051-A0F2-4E76-9ECE-82A7C7A64459}.Release|x86.ActiveCfg = Release|Win32
		{DBA44051-A0F2-4E76-9ECE-82A7C7A64459}.Release|x86.Build.0 = Release|Win32
		{DBA44051-A0F2-4E76-9ECE-82A7C7A64459}.Release|x86.Deploy.0 = Release|Win32
		{635D73F4-05C4-45A4-B3F3-8A31C4024950}.Debug|ARM.ActiveCfg = Debug|ARM
		{635D73F4-05C4-45A4-B3F3-8A31C4024950}.Debug|ARM.Build.0 = Debug|ARM
		{635D73F4-05C4-45A4-B3F3-8A31C4024950}.Debug|ARM.Deploy.0 = Debug|ARM
		{635D73F4-05C4-45A4-B3F3-8A31C4024950}.Debug|ARM64.ActiveCfg = Debug|ARM64
		{635D73F4-05C4-45A4-B3F3-8A31C4024950}.Debug|ARM64.Build.0 = Debug|ARM64
		{635D73F4-05C4-45A4-B3F3-8A31C4024950}.Debug|ARM64.Deploy.0 = Debug|ARM64
		{635D73F4-05C4-45A4-B3F3-8A31C4024950}.Debug|x64.ActiveCfg = Debug|x64
		{635D73F4-05C4-45A4-B3F3-8A31C4024950}.Debug|x64.Build.0 = Debug|x64
		{635D73F4-05C4-45A4-B3F3-8A31C4024950}.Debug|x64.Deploy.0 = Debug|x64
		{635D73F4-05C4-45A4-B3F3-8A31C4024950}.Debug|x86.ActiveCfg = Debug|Win32
		{635D73F4-05C4-45A4-B3F3-8A31C4024950}.Debug|x86.Build.0 = Debug|Win32
		{635D73F4-05C4-45A4-B3F3-8A31C4024950}.Debug|x86.Deploy.0 = Debug|Win32
		{635D73F4-05C4-45A4-B3F3-8A31C4024950}.Release|ARM.ActiveCfg = Release|ARM
		{635D73F4-05C4-45A4-B3F3-8A31C4024950}.Release|ARM.Build.0 = Release|ARM
		{635D73F4-05C4-45A4-B3F3-8A31C4024950}.Release|ARM.Deploy.0 = Release|ARM
		{635D73F4-05C4-45A4-B3F3-8A31C4024950}.Release|ARM64.ActiveCfg = Release|ARM64
		{635D73F4-05C4-45A4-B3F3-8A31C4024950}.Release|ARM64.Build.0 = Release|ARM64
		{635D73F4-05C4-45A4-B3F3-8A31C4024950}.Release|ARM64.Deploy.0 = Release|ARM64
		{635D73F4-05C4-45A4-B3F3-8A31C4024950}.Release|x64.ActiveCfg = Release|x64
		{635D73F4-05C4-45A4-B3F3-8A31C4024950}.Release|x64.Build.0 = Release|x64
		{635D73F4-05C4-45A4-B3F3-8A31C4024950}.Release|x64.Deploy.0 = Release|x64
		{635D73F4-05C4-45A4-B3F3-8A31C4024950}.Release|x86.ActiveCfg = Release|Win32
		{635D73F4-05C4-45A4-B3F3-8A31C4024950}.Release|x86.Build.0 = Release|Win32
		{635D73F4-05C4-45A4-B3F3-8A31C4024950}.Release|x86.Deploy.0 = Release|Win32
		{669B714A-EF70-4C57-8DB4-ED381351BA40}.Debug|ARM.ActiveCfg = Debug|ARM
		{669B714A-EF70-4C57-8DB4-ED381351BA40}.Debug|ARM.Build.0 = Debug|ARM
		{669B714A-EF70-4C57-8DB4-ED381351BA40}.Debug|ARM.Deploy.0 = Debug|ARM
		{669B714A-EF70-4C57-8DB4-ED381351BA40}.Debug|ARM64.ActiveCfg = Debug|ARM64
		{669B714A-EF70-4C57-8DB4-ED381351BA40}.Debug|ARM64.Build.0 = Debug|ARM64
		{669B714A-EF70-4C57-8DB4-ED381351BA40}.Debug|ARM64.Deploy.0 = Debug|ARM64
		{669B714A-EF70-4C57-8DB4-ED381351BA40}.Debug|x64.ActiveCfg = Debug|x64
		{669B714A-EF70-4C57-8DB4-ED381351BA40}.Debug|x64.Build.0 = Debug|x64
		{669B714A-EF70-4C57-8DB4-ED381351BA40}.Debug|x64.Deploy.0 = Debug|x64
		{669B714A-EF70-4C57-8DB4-ED381351BA40}.Debug|x86.ActiveCfg = Debug|Win32
		{669B714A-EF70-4C57-8DB4-ED381351BA40}.Debug|x86.Build.0 = Debug|Win32
		{669B714A-EF70-4C57-8DB4-ED381351BA40}.Debug|x86.Deploy.0 = Debug|Win32
		{669B714A-EF70-4C57-8DB4-ED381351BA40}.Release|ARM.ActiveCfg = Release|ARM
		{669B714A-EF70-4C57-8DB4-ED381351BA40}.Release|ARM.Build.0 = Release|ARM
		{669B714A-EF70-4C57-8DB4-ED381351BA40}.Release|ARM.Deploy.0 = Release|ARM
		{669B714A-EF70-4C57-8DB4-ED381351BA40}.Release|ARM64.ActiveCfg = Release|ARM64
		{669B714A-EF70-4C57-8DB4-ED381351BA40}.Release|ARM64.Build.0 = Release|ARM64
		{669B714A-EF70-4C57-8DB4-ED381351BA40}.Release|ARM64.Deploy.0 = Release|ARM64
		{669B714A-EF70-4C57-8DB4-ED381351BA40}.Release|x64.ActiveCfg = Release|x64
		{669B714A-EF70-4C57-8DB4-ED381351BA40}.Release|x64.Build.0 = Release|x64
		{669B714A-EF70-4C57-8DB4-ED381351BA40}.Release|x64.Deploy.0 = Release|x64
		{669B714A-EF70-4C57-8DB4-ED381351BA40}.Release|x86.ActiveCfg = Release|Win32
		{669B714A-EF70-4C57-8DB4-ED381351BA40}.Release|x86.Build.0 = Release|Win32
		{669B714A-EF70-4C57-8DB4-ED381351BA40}.Release|x86.Deploy.0 = Release|Win32
		{3021C76E-09A4-434A-8573-3B3F83EB6086}.Debug|ARM.ActiveCfg = Debug|ARM
		{3021C76E-09A4-434A-8573-3B3F83EB6086}.Debug|ARM.Build.0 = Debug|ARM
		{3021C76E-09A4-434A-8573-3B3F83EB6086}.Debug|ARM.Deploy.0 = Debug|ARM
		{3021C76E-09A4-434A-8573-3B3F83EB6086}.Debug|ARM64.ActiveCfg = Debug|ARM64
		{3021C76E-09A4-434A-8573-3B3F83EB6086}.Debug|ARM64.Build.0 = Debug|ARM64
		{3021C76E-09A4-434A-8573-3B3F83EB6086}.Debug|ARM64.Deploy.0 = Debug|ARM64
		{3021C76E-09A4-434A-8573-3B3F83EB6086}.Debug|x64.ActiveCfg = Debug|x64
		{3021C76E-09A4-434A-8573-3B3F83EB6086}.Debug|x64.Build.0 = Debug|x64
		{3021C76E-09A4-434A-8573-3B3F83EB6086}.Debug|x64.Deploy.0 = Debug|x64
		{3021C76E-09A4-434A-8573-3B3F83EB6086}.Debug|x86.ActiveCfg = Debug|Win32
		{3021C76E-09A4-434A-8573-3B3F83EB6086}.Debug|x86.Build.0 = Debug|Win32
		{3021C76E-09A4-434A-8573-3B3F83EB6086}.Debug|x86.Deploy.0 = Debug|Win32
		{3021C76E-09A4-434A-8573-3B3F83EB6086}.Release|ARM.ActiveCfg = Release|ARM
		{3021C76E-09A4-434A-8573-3B3F83EB6086}.Release|ARM.Build.0 = Release|ARM
		{3021C76E-09A4-434A-8573-3B3F83EB6086}.Release|ARM.Deploy.0 = Release|ARM
		{3021C76E-09A4-434A-8573-3B3F83EB6086}.Release|ARM64.ActiveCfg = Release|ARM64
		{3021C76E-09A4-434A-8573-3B3F83EB6086}.Release|ARM64.Build.0 = Release|ARM64
		{3021C76E-09A4-434A-8573-3B3F83EB6086}.Release|ARM64.Deploy.0 = Release|ARM64
		{3021C76E-09A4-434A-8573-3B3F83EB6086}.Release|x64.ActiveCfg = Release|x64
		{3021C76E-09A4-434A-8573-3B3F83EB6086}.Release|x64.Build.0 = Release|x64
		{3021C76E-09A4-434A-8573-3B3F83EB6086}.Release|x64.Deploy.0 = Release|x64
		{3021C76E-09A4-434A-8573-3B3F83EB6086}.Release|x86.ActiveCfg = Release|Win32
		{3021C76E-09A4-434A-8573-3B3F83EB6086}.Release|x86.Build.0 = Release|Win32
		{3021C76E-09A4-434A-8573-3B3F83EB6086}.Release|x86.Deploy.0 = Release|Win32
		{47A3078F-1C6D-48F1-88BC-C9FBB949BBF0}.Debug|ARM.ActiveCfg = Debug|ARM
		{47A3078F-1C6D-48F1-88BC-C9FBB949BBF0}.Debug|ARM.Build.0 = Debug|ARM
		{47A3078F-1C6D-48F1-88BC-C9FBB949BBF0}.Debug|ARM.Deploy.0 = Debug|ARM
		{47A3078F-1C6D-48F1-88BC-C9FBB949BBF0}.Debug|ARM64.ActiveCfg = Debug|ARM64
		{47A3078F-1C6D-48F1-88BC-C9FBB949BBF0}.Debug|ARM64.Build.0 = Debug|ARM64
		{47A3078F-1C6D-48F1-88BC-C9FBB949BBF0}.Debug|ARM64.Deploy.0 = Debug|ARM64
		{47A3078F-1C6D-48F1-88BC-C9FBB949BBF0}.Debug|x64.ActiveCfg = Debug|x64
		{47A3078F-1C6D-48F1-88BC-C9FBB949BBF0}.Debug|x64.Build.0 = Debug|x64
		{47A3078F-1C6D-48F1-88BC-C9FBB949BBF0}.Debug|x64.Deploy.0 = Debug|x64
		{47A3078F-1C6D-48F1-88BC-C9FBB949BBF0}.Debug|x86.ActiveCfg = Debug|Win32
		{47A3078F-1C6D-48F1-88BC-C9FBB949BBF0}.Debug|x86.Build.0 = Debug|Win32
		{47A3078F-1C6D-48F1-88BC-C9FBB949BBF0}.Debug|x86.Deploy.0 = Debug|Win32
		{47A3078F-1C6D-48F1-88BC-C9FBB949BBF0}.Release|ARM.ActiveCfg = Release|ARM
		{47A3078F-1C6D-48F1-88BC-C9FBB949BBF0}.Release|ARM.Build.0 = Release|ARM
		{47A3078F-1C6D-48F1-88BC-C9FBB949BBF0}.Release|ARM.Deploy.0 = Release|ARM
		{47A3078F-1C6D-48F1-88BC-C9FBB949BBF0}.Release|ARM64.ActiveCfg = Release|ARM64
		{47A3078F-1C6D-48F1-88BC-C9FBB949BBF0}.Release|ARM64.Build.0 = Release|ARM64
		{47A3078F-1C6D-48F1-88BC-C9FBB949BBF0}.Release|ARM64.Deploy.0 = Release|ARM64
		{47A3078F-1C6D-48F1-88BC-C9FBB949BBF0}.Release|x64.ActiveCfg = Release|x64
		{47A3078F-1C6D-48F1-88BC-C9FBB949BBF0}.Release|x64.Build.0 = Release|x64
		{47A3078F-1C6D-48F1-88BC-C9FBB949BBF0}.Release|x64.Deploy.0 = Release|x64
		{47A3078F-1C6D-48F1-88BC-C9FBB949BBF0}.Release|x86.ActiveCfg = Release|Win32
		{47A3078F-1C6D-48F1-88BC-C9FBB949BBF0}.Release|x86.Build.0 = Release|Win32
		{47A3078F-1C6D-48F1-88BC-C9FBB949BBF0}.Release|x86.Deploy.0 = Release|Win32
		{4294D798-D0E8-43DA-8580-7BE633F70D69}.Debug|ARM.ActiveCfg = Debug|ARM
		{4294D798-D0E8-43DA-8580-7BE633F70D69}.Debug|ARM.Build.0 = Debug|ARM
		{4294D798-D0E8-43DA-8580-7BE633F70D69}.Debug|ARM.Deploy.0 = Debug|ARM
		{4294D798-D0E8-43DA-8580-7BE633F70D69}.Debug|ARM64.ActiveCfg = Debug|ARM64
		{4294D798-D0E8-43DA-8580-7BE633F70D69}.Debug|ARM64.Build.0 = Debug|ARM64
		{4294D798-D0E8-43DA-8580-7BE633F70D69}.Debug|ARM64.Deploy.0 = Debug|ARM64
		{4294D798-D0E8-43DA-8580-7BE633F70D69}.Debug|x64.ActiveCfg = Debug|x64
		{4294D798-D0E8-43DA-8580-7BE633F70D69}.Debug|x64.Build.0 = Debug|x64
		{4294D798-D0E8-43DA-8580-7BE633F70D69}.Debug|x64.Deploy.0 = Debug|x64
		{4294D798-D0E8-43DA-8580-7BE633F70D69}.Debug|x86.ActiveCfg = Debug|Win32
		{4294D798-D0E8-43DA-8580-7BE633F70D69}.Debug|x86.Build.0 = Debug|Win32
		{4294D798-D0E8-43DA-8580-7BE633F70D69}.Debug|x86.Deploy.0 = Debug|Win32
		{4294D798-D0E8-43DA-8580-7BE633F70D69}.Release|ARM.ActiveCfg = Release|ARM
		{4294D798-D0E8-43DA-8580-7BE633F70D69}.Release|ARM.Build.0 = Release|ARM
		{4294D798-D0E8-43DA-8580-7BE633F70D69}.Release|ARM.Deploy.0 = Release|ARM
		{4294D798-D0E8-43DA-8580-7BE633F70D69}.Release|ARM64.ActiveCfg = Release|ARM64
		{4294D798-D0E8-43DA-8580-7BE633F70D69}.Release|ARM64.Build.0 = Release|ARM64
		{4294D798-D0E8-43DA-8580-7BE633F70D69}.Release|ARM64.Deploy.0 = Release|ARM64
		{4294D798-D0E8-43DA-8580-7BE633F70D69}.Release|x64.ActiveCfg = Release|x64
		{4294D798-D0E8-43DA-8580-7BE633F70D69}.Release|x64.Build.0 = Release|x64
		{4294D798-D0E8-43DA-8580-7BE633F70D69}.Release|x64.Deploy.0 = Release|x64
		{4294D798-D0E8-43DA-8580-7BE633F70D69}.Release|x86.ActiveCfg = Release|Win32
		{4294D798-D0E8-43DA-8580-7BE633F70D69}.Release|x86.Build.0 = Release|Win32
		{4294D798-D0E8-43DA-8580-7BE633F70D69}.Release|x86.Deploy.0 = Release|Win32
		{C019F788-ED56-4A55-A755-7E3DDC019EC3}.Debug|ARM.ActiveCfg = Debug|ARM
		{C019F788-ED56-4A55-A755-7E3DDC019EC3}.Debug|ARM.Build.0 = Debug|ARM
		{C019F788-ED56-4A55-A755-7E3DDC019EC3}.Debug|ARM.Deploy.0 = Debug|ARM
		{C019F788-ED56-4A55-A755-7E3DDC019EC3}.Debug|ARM64.ActiveCfg = Debug|ARM64
		{C019F788-ED56-4A55-A755-7E3DDC019EC3}.Debug|ARM64.Build.0 = Debug|ARM64
		{C019F788-ED56-4A55-A755-7E3DDC019EC3}.Debug|ARM64.Deploy.0 = Debug|ARM64
		{C019F788-ED56-4A55-A755-7E3DDC019EC3}.Debug|x64.ActiveCfg = Debug|x64
		{C019F788-ED56-4A55-A755-7E3DDC019EC3}.Debug|x64.Build.0 = Debug|x64
		{C019F788-ED56-4A55-A755-7E3DDC019EC3}.Debug|x64.Deploy.0 = Debug|x64
		{C019F788-ED56-4A55-A755-7E3DDC019EC3}.Debug|x86.ActiveCfg = Debug|Win32
		{C019F788-ED56-4A55-A755-7E3DDC019EC3}.Debug|x86.Build.0 = Debug|Win32
		{C019F788-ED56-4A55-A755-7E3DDC019EC3}.Debug|x86.Deploy.0 = Debug|Win32
		{C019F788-ED56-4A55-A755-7E3DDC019EC3}.Release|ARM.ActiveCfg = Release|ARM
		{C019F788-ED56-4A55-A755-7E3DDC019EC3}.Release|ARM.Build.0 = Release|ARM
		{C019F788-ED56-4A55-A755-7E3DDC019EC3}.Release|ARM.Deploy.0 = Release|ARM
		{C019F788-ED56-4A55-A755-7E3DDC019EC3}.Release|ARM64.ActiveCfg = Release|ARM64
		{C019F788-ED56-4A55-A755-7E3DDC019EC3}.Release|ARM64.Build.0 = Release|ARM64
		{C019F788-ED56-4A55-A755-7E3DDC019EC3}.Release|ARM64.Deploy.0 = Release|ARM64
		{C019F788-ED56-4A55-A755-7E3DDC019EC3}.Release|x64.ActiveCfg = Release|x64
		{C019F788-ED56-4A55-A755-7E3DDC019EC3}.Release|x64.Build.0 = Release|x64
		{C019F788-ED56-4A55-A755-7E3DDC019EC3}.Release|x64.Deploy.0 = Release|x64
		{C019F788-ED56-4A55-A755-7E3DDC019EC3}.Release|x86.ActiveCfg = Release|Win32
		{C019F788-ED56-4A55-A755-7E3DDC019EC3}.Release|x86.Build.0 = Release|Win32
		{C019F788-ED56-4A55-A755-7E3DDC019EC3}.Release|x86.Deploy.0 = Release|Win32
		{03AA78DD-94B8-4F59-8985-058D9275FDFD}.Debug|ARM.ActiveCfg = Debug|ARM
		{03AA78DD-94B8-4F59-8985-058D9275FDFD}.Debug|ARM.Build.0 = Debug|ARM
		{03AA78DD-94B8-4F59-8985-058D9275FDFD}.Debug|ARM.Deploy.0 = Debug|ARM
		{03AA78DD-94B8-4F59-8985-058D9275FDFD}.Debug|ARM64.ActiveCfg = Debug|ARM64
		{03AA78DD-94B8-4F59-8985-058D9275FDFD}.Debug|ARM64.Build.0 = Debug|ARM64
		{03AA78DD-94B8-4F59-8985-058D9275FDFD}.Debug|ARM64.Deploy.0 = Debug|ARM64
		{03AA78DD-94B8-4F59-8985-058D9275FDFD}.Debug|x64.ActiveCfg = Debug|x64
		{03AA78DD-94B8-4F59-8985-058D9275FDFD}.Debug|x64.Build.0 = Debug|x64
		{03AA78DD-94B8-4F59-8985-058D9275FDFD}.Debug|x64.Deploy.0 = Debug|x64
		{03AA78DD-94B8-4F59-8985-058D9275FDFD}.Debug|x86.ActiveCfg = Debug|Win32
		{03AA78DD-94B8-4F59-8985-058D9275FDFD}.Debug|x86.Build.0 = Debug|Win32
		{03AA78DD-94B8-4F59-8985-058D9275FDFD}.Debug|x86.Deploy.0 = Debug|Win32
		{03AA78DD-94B8-4F59-8985-058D9275FDFD}.Release|ARM.ActiveCfg = Release|ARM
		{03AA78DD-94B8-4F59-8985-058D9275FDFD}.Release|ARM.Build.0 = Release|ARM
		{03AA78DD-94B8-4F59-8985-058D9275FDFD}.Release|ARM.Deploy.0 = Release|ARM
		{03AA78DD-94B8-4F59-8985-058D9275FDFD}.Release|ARM64.ActiveCfg = Release|ARM64
		{03AA78DD-94B8-4F59-8985-058D9275FDFD}.Release|ARM64.Build.0 = Release|ARM64
		{03AA78DD-94B8-4F59-8985-058D9275FDFD}.Release|ARM64.Deploy.0 = Release|ARM64
		{03AA78DD-94B8-4F59-8985-058D9275FDFD}.Release|x64.ActiveCfg = Release|x64
		{03AA78DD-94B8-4F59-8985-058D9275FDFD}.Release|x64.Build.0 = Release|x64
		{03AA78DD-94B8-4F59-8985-058D9275FDFD}.Release|x64.Deploy.0 = Release|x64
		{03AA78DD-94B8-4F59-8985-058D9275FDFD}.Release|x86.ActiveCfg = Release|Win32
		{03AA78DD-94B8-4F59-8985-058D9275FDFD}.Release|x86.Build.0 = Release|Win32
		{03AA78DD-94B8-4F59-8985-058D9275FDFD}.Release|x86.Deploy.0 = Release|Win32
		{428B267B-B3F2-4533-A41C-03E7DE502B11}.Debug|ARM.ActiveCfg = Debug|ARM
		{428B267B-B3F2-4533-A41C-03E7DE502B11}.Debug|ARM.Build.0 = Debug|ARM
		{428B267B-B3F2-4533-A41C-03E7DE502B11}.Debug|ARM.Deploy.0 = Debug|ARM
		{428B267B-B3F2-4533-A41C-03E7DE502B11}.Debug|ARM64.ActiveCfg = Debug|ARM64
		{428B267B-B3F2-4533-A41C-03E7DE502B11}.Debug|ARM64.Build.0 = Debug|ARM64
		{428B267B-B3F2-4533-A41C-03E7DE502B11}.Debug|ARM64.Deploy.0 = Debug|ARM64
		{428B267B-B3F2-4533-A41C-03E7DE502B11}.Debug|x64.ActiveCfg = Debug|x64
		{428B267B-B3F2-4533-A41C-03E7DE502B11}.Debug|x64.Build.0 = Debug|x64
		{428B267B-B3F2-4533-A41C-03E7DE502B11}.Debug|x64.Deploy.0 = Debug|x64
		{428B267B-B3F2-4533-A41C-03E7DE502B11}.Debug|x86.ActiveCfg = Debug|Win32
		{428B267B-B3F2-4533-A41C-03E7DE502B11}.Debug|x86.Build.0 = Debug|Win32
		{428B267B-B3F2-4533-A41C-03E7DE502B11}.Debug|x86.Deploy.0 = Debug|Win32
		{428B267B-B3F2-4533-A41C-03E7DE502B11}.Release|ARM.ActiveCfg = Release|ARM
		{428B267B-B3F2-4533-A41C-03E7DE502B11}.Release|ARM.Build.0 = Release|ARM
		{428B267B-B3F2-4533-A41C-03E7DE502B11}.Release|ARM.Deploy.0 = Release|ARM
		{428B267B-B3F2-4533-A41C-03E7DE502B11}.Release|ARM64.ActiveCfg = Release|ARM64
		{428B267B-B3F2-4533-A41C-03E7DE502B11}.Release|ARM64.Build.0 = Release|ARM64
		{428B267B-B3F2-4533-A41C-03E7DE502B11}.Release|ARM64.Deploy.0 = Release|ARM64
		{428B267B-B3F2-4533-A41C-03E7DE502B11}.Release|x64.ActiveCfg = Release|x64
		{428B267B-B3F2-4533-A41C-03E7DE502B11}.Release|x64.Build.0 = Release|x64
		{428B267B-B3F2-4533-A41C-03E7DE502B11}.Release|x64.Deploy.0 = Release|x64
		{428B267B-B3F2-4533-A41C-03E7DE502B11}.Release|x86.ActiveCfg = Release|Win32
		{428B267B-B3F2-4533-A41C-03E7DE502B11}.Release|x86.Build.0 = Release|Win32
		{428B267B-B3F2-4533-A41C-03E7DE502B11}.Release|x86.Deploy.0 = Release|Win32
		{56CF52F7-FC60-43F2-845F-1A9C5D986096}.Debug|ARM.ActiveCfg = Debug|ARM
		{56CF52F7-FC60-43F2-845F-1A9C5D986096}.Debug|ARM.Build.0 = Debug|ARM
		{56CF52F7-FC60-43F2-845F-1A9C5D986096}.Debug|ARM.Deploy.0 = Debug|ARM
		{56CF52F7-FC60-43F2-845F-1A9C5D986096}.Debug|ARM64.ActiveCfg = Debug|ARM64
		{56CF52F7-FC60-43F2-845F-1A9C5D986096}.Debug|ARM64.Build.0 = Debug|ARM64
		{56CF52F7-FC60-43F2-845F-1A9C5D986096}.Debug|ARM64.Deploy.0 = Debug|ARM64
		{56CF52F7-FC60-43F2-845F-1A9C5D986096}.Debug|x64.ActiveCfg = Debug|x64
		{56CF52F7-FC60-43F2-845F-1A9C5D986096}.Debug|x64.Build.0 = Debug|x64
		{56CF52F7-FC60-43F2-845F-1A9C5D986096}.Debug|x64.Deploy.0 = Debug|x64
		{56CF52F7-FC60-43F2-845F-1A9C5D986096}.Debug|x86.ActiveCfg = Debug|Win32
		{56CF52F7-FC60-43F2-845F-1A9C5D986096}.Debug|x86.Build.0 = Debug|Win32
		{56CF52F7-FC60-43F2-845F-1A9C5D986096}.Debug|x86.Deploy.0 = Debug|Win32
		{56CF52F7-FC60-43F2-845F-1A9C5D986096}.Release|ARM.ActiveCfg = Release|ARM
		{56CF52F7-FC60-43F2-845F-1A9C5D986096}.Release|ARM.Build.0 = Release|ARM
		{56CF52F7-FC60-43F2-845F-1A9C5D986096}.Release|ARM.Deploy.0 = Release|ARM
		{56CF52F7-FC60-43F2-845F-1A9C5D986096}.Release|ARM64.ActiveCfg = Release|ARM64
		{56CF52F7-FC60-43F2-845F-1A9C5D986096}.Release|ARM64.Build.0 = Release|ARM64
		{56CF52F7-FC60-43F2-845F-1A9C5D986096}.Release|ARM64.Deploy.0 = Release|ARM64
		{56CF52F7-FC60-43F2-845F-1A9C5D986096}.Release|x64.ActiveCfg = Release|x64
		{56CF52F7-FC60-43F2-845F-1A9C5D986096}.Release|x64.Build.0 = Release|x64
		{56CF52F7-FC60-43F2-845F-1A9C5D986096}.Release|x64.Deploy.0 = Release|x64
		{56CF52F7-FC60-43F2-845F-1A9C5D986096}.Release|x86.ActiveCfg = Release|Win32
		{56CF52F7-FC60-43F2-845F-1A9C5D986096}.Release|x86.Build.0 = Release|Win32
		{56CF52F7-FC60-43F2-845F-1A9C5D986096}.Release|x86.Deploy.0 = Release|Win32
		{39608262-F3F0-4694-A94C-120A61B1EC57}.Debug|ARM.ActiveCfg = Debug|ARM
		{39608262-F3F0-4694-A94C-120A61B1EC57}.Debug|ARM.Build.0 = Debug|ARM
		{39608262-F3F0-4694-A94C-120A61B1EC57}.Debug|ARM.Deploy.0 = Debug|ARM
		{39608262-F3F0-4694-A94C-120A61B1EC57}.Debug|ARM64.ActiveCfg = Debug|ARM64
		{39608262-F3F0-4694-A94C-120A61B1EC57}.Debug|ARM64.Build.0 = Debug|ARM64
		{39608262-F3F0-4694-A94C-120A61B1EC57}.Debug|ARM64.Deploy.0 = Debug|ARM64
		{39608262-F3F0-4694-A94C-120A61B1EC57}.Debug|x64.ActiveCfg = Debug|x64
		{39608262-F3F0-4694-A94C-120A61B1EC57}.Debug|x64.Build.0 = Debug|x64
		{39608262-F3F0-4694-A94C-120A61B1EC57}.Debug|x64.Deploy.0 = Debug|x64
		{39608262-F3F0-4694-A94C-120A61B1EC57}.Debug|x86.ActiveCfg = Debug|Win32
		{39608262-F3F0-4694-A94C-120A61B1EC57}.Debug|x86.Build.0 = Debug|Win32
		{39608262-F3F0-4694-A94C-120A61B1EC57}.Debug|x86.Deploy.0 = Debug|Win32
		{39608262-F3F0-4694-A94C-120A61B1EC57}.Release|ARM.ActiveCfg = Release|ARM
		{39608262-F3F0-4694-A94C-120A61B1EC57}.Release|ARM.Build.0 = Release|ARM
		{39608262-F3F0-4694-A94C-120A61B1EC57}.Release|ARM.Deploy.0 = Release|ARM
		{39608262-F3F0-4694-A94C-120A61B1EC57}.Release|ARM64.ActiveCfg = Release|ARM64
		{39608262-F3F0-4694-A94C-120A61B1EC57}.Release|ARM64.Build.0 = Release|ARM64
		{39608262-F3F0-4694-A94C-120A61B1EC57}.Release|ARM64.Deploy.0 = Release|ARM64
		{39608262-F3F0-4694-A94C-120A61B1EC57}.Release|x64.ActiveCfg = Release|x64
		{39608262-F3F0-4694-A94C-120A61B1EC57}.Release|x64.Build.0 = Release|x64
		{39608262-F3F0-4694-A94C-120A61B1EC57}.Release|x64.Deploy.0 = Release|x64
		{39608262-F3F0-4694-A94C-120A61B1EC57}.Release|x86.ActiveCfg = Release|Win32
		{39608262-F3F0-4694-A94C-120A61B1EC57}.Release|x86.Build.0 = Release|Win32
		{39608262-F3F0-4694-A94C-120A61B1EC57}.Release|x86.Deploy.0 = Release|Win32
		{B0522FC6-5C76-4A35-B643-E2AAB213DCEE}.Debug|ARM.ActiveCfg = Debug|ARM
		{B0522FC6-5C76-4A35-B643-E2AAB213DCEE}.Debug|ARM.Build.0 = Debug|ARM
		{B0522FC6-5C76-4A35-B643-E2AAB213DCEE}.Debug|ARM.Deploy.0 = Debug|ARM
		{B0522FC6-5C76-4A35-B643-E2AAB213DCEE}.Debug|ARM64.ActiveCfg = Debug|ARM64
		{B0522FC6-5C76-4A35-B643-E2AAB213DCEE}.Debug|ARM64.Build.0 = Debug|ARM64
		{B0522FC6-5C76-4A35-B643-E2AAB213DCEE}.Debug|ARM64.Deploy.0 = Debug|ARM64
		{B0522FC6-5C76-4A35-B643-E2AAB213DCEE}.Debug|x64.ActiveCfg = Debug|x64
		{B0522FC6-5C76-4A35-B643-E2AAB213DCEE}.Debug|x64.Build.0 = Debug|x64
		{B0522FC6-5C76-4A35-B643-E2AAB213DCEE}.Debug|x64.Deploy.0 = Debug|x64
		{B0522FC6-5C76-4A35-B643-E2AAB213DCEE}.Debug|x86.ActiveCfg = Debug|Win32
		{B0522FC6-5C76-4A35-B643-E2AAB213DCEE}.Debug|x86.Build.0 = Debug|Win32
		{B0522FC6-5C76-4A35-B643-E2AAB213DCEE}.Debug|x86.Deploy.0 = Debug|Win32
		{B0522FC6-5C76-4A35-B643-E2AAB213DCEE}.Release|ARM.ActiveCfg = Release|ARM
		{B0522FC6-5C76-4A35-B643-E2AAB213DCEE}.Release|ARM.Build.0 = Release|ARM
		{B0522FC6-5C76-4A35-B643-E2AAB213DCEE}.Release|ARM.Deploy.0 = Release|ARM
		{B0522FC6-5C76-4A35-B643-E2AAB213DCEE}.Release|ARM64.ActiveCfg = Release|ARM64
		{B0522FC6-5C76-4A35-B643-E2AAB213DCEE}.Release|ARM64.Build.0 = Release|ARM64
		{B0522FC6-5C76-4A35-B643-E2AAB213DCEE}.Release|ARM64.Deploy.0 = Release|ARM64
		{B0522FC6-5C76-4A35-B643-E2AAB213DCEE}.Release|x64.ActiveCfg = Release|x64
		{B0522FC6-5C76-4A35-B643-E2AAB213DCEE}.Release|x64.Build.0 = Release|x64
		{B0522FC6-5C76-4A35-B643-E2AAB213DCEE}.Release|x64.Deploy.0 = Release|x64
		{B0522FC6-5C76-4A35-B643-E2AAB213DCEE}.Release|x86.ActiveCfg = Release|Win32
		{B0522FC6-5C76-4A35-B643-E2AAB213DCEE}.Release|x86.Build.0 = Release|Win32
		{B0522FC6-5C76-4A35-B643-E2AAB213DCEE}.Release|x86.Deploy.0 = Release|Win32
		{05F6C6C1-A499-4056-8243-A06732076C13}.Debug|ARM.ActiveCfg = Debug|ARM
		{05F6C6C1-A499-4056-8243-A06732076C13}.Debug|ARM.Build.0 = Debug|ARM
		{05F6C6C1-A499-4056-8243-A06732076C13}.Debug|ARM.Deploy.0 = Debug|ARM
		{05F6C6C1-A499-4056-8243-A06732076C13}.Debug|ARM64.ActiveCfg = Debug|ARM64
		{05F6C6C1-A499-4056-8243-A06732076C13}.Debug|ARM64.Build.0 = Debug|ARM64
		{05F6C6C1-A499-4056-8243-A06732076C13}.Debug|ARM64.Deploy.0 = Debug|ARM64
		{05F6C6C1-A499-4056-8243-A06732076C13}.Debug|x64.ActiveCfg = Debug|x64
		{05F6C6C1-A499-4056-8243-A06732076C13}.Debug|x64.Build.0 = Debug|x64
		{05F6C6C1-A499-4056-8243-A06732076C13}.Debug|x64.Deploy.0 = Debug|x64
		{05F6C6C1-A499-4056-8243-A06732076C13}.Debug|x86.ActiveCfg = Debug|Win32
		{05F6C6C1-A499-4056-8243-A06732076C13}.Debug|x86.Build.0 = Debug|Win32
		{05F6C6C1-A499-4056-8243-A06732076C13}.Debug|x86.Deploy.0 = Debug|Win32
		{05F6C6C1-A499-4056-8243-A06732076C13}.Release|ARM.ActiveCfg = Release|ARM
		{05F6C6C1-A499-4056-8243-A06732076C13}.Release|ARM.Build.0 = Release|ARM
		{05F6C6C1-A499-4056-8243-A06732076C13}.Release|ARM.Deploy.0 = Release|ARM
		{05F6C6C1-A499-4056-8243-A06732076C13}.Release|ARM64.ActiveCfg = Release|ARM64
		{05F6C6C1-A499-4056-8243-A06732076C13}.Release|ARM64.Build.0 = Release|ARM64
		{05F6C6C1-A499-4056-8243-A06732076C13}.Release|ARM64.Deploy.0 = Release|ARM64
		{05F6C6C1-A499-4056-8243-A06732076C13}.Release|x64.ActiveCfg = Release|x64
		{05F6C6C1-A499-4056-8243-A06732076C13}.Release|x64.Build.0 = Release|x64
		{05F6C6C1-A499-4056-8243-A06732076C13}.Release|x64.Deploy.0 = Release|x64
		{05F6C6C1-A499-4056-8243-A06732076C13}.Release|x86.ActiveCfg = Release|Win32
		{05F6C6C1-A499-4056-8243-A06732076C13}.Release|x86.Build.0 = Release|Win32
		{05F6C6C1-A499-4056-8243-A06732076C13}.Release|x86.Deploy.0 = Release|Win32
		{9328ED1A-35DC-4E69-9C0F-4FDF65422397}.Debug|ARM.ActiveCfg = Debug|ARM
		{9328ED1A-35DC-4E69-9C0F-4FDF65422397}.Debug|ARM.Build.0 = Debug|ARM
		{9328ED1A-35DC-4E69-9C0F-4FDF65422397}.Debug|ARM.Deploy.0 = Debug|ARM
		{9328ED1A-35DC-4E69-9C0F-4FDF65422397}.Debug|ARM64.ActiveCfg = Debug|ARM64
		{9328ED1A-35DC-4E69-9C0F-4FDF65422397}.Debug|ARM64.Build.0 = Debug|ARM64
		{9328ED1A-35DC-4E69-9C0F-4FDF65422397}.Debug|ARM64.Deploy.0 = Debug|ARM64
		{9328ED1A-35DC-4E69-9C0F-4FDF65422397}.Debug|x64.ActiveCfg = Debug|x64
		{9328ED1A-35DC-4E69-9C0F-4FDF65422397}.Debug|x64.Build.0 = Debug|x64
		{9328ED1A-35DC-4E69-9C0F-4FDF65422397}.Debug|x64.Deploy.0 = Debug|x64
		{9328ED1A-35DC-4E69-9C0F-4FDF65422397}.Debug|x86.ActiveCfg = Debug|Win32
		{9328ED1A-35DC-4E69-9C0F-4FDF65422397}.Debug|x86.Build.0 = Debug|Win32
		{9328ED1A-35DC-4E69-9C0F-4FDF65422397}.Debug|x86.Deploy.0 = Debug|Win32
		{9328ED1A-35DC-4E69-9C0F-4FDF65422397}.Release|ARM.ActiveCfg = Release|ARM
		{9328ED1A-35DC-4E69-9C0F-4FDF65422397}.Release|ARM.Build.0 = Release|ARM
		{9328ED1A-35DC-4E69-9C0F-4FDF65422397}.Release|ARM.Deploy.0 = Release|ARM
		{9328ED1A-35DC-4E69-9C0F-4FDF65422397}.Release|ARM64.ActiveCfg = Release|ARM64
		{9328ED1A-35DC-4E69-9C0F-4FDF65422397}.Release|ARM64.Build.0 = Release|ARM64
		{9328ED1A-35DC-4E69-9C0F-4FDF65422397}.Release|ARM64.Deploy.0 = Release|ARM64
		{9328ED1A-35DC-4E69-9C0F-4FDF65422397}.Release|x64.ActiveCfg = Release|x64
		{9328ED1A-35DC-4E69-9C0F-4FDF65422397}.Release|x64.Build.0 = Release|x64
		{9328ED1A-35DC-4E69-9C0F-4FDF65422397}.Release|x64.Deploy.0 = Release|x64
		{9328ED1A-35DC-4E69-9C0F-4FDF65422397}.Release|x86.ActiveCfg = Release|Win32
		{9328ED1A-35DC-4E69-9C0F-4FDF65422397}.Release|x86.Build.0 = Release|Win32
		{9328ED1A-35DC-4E69-9C0F-4FDF65422397}.Release|x86.Deploy.0 = Release|Win32
		{ED1AF074-6AD8-407C-B9DA-464443182454}.Debug|ARM.ActiveCfg = Debug|ARM
		{ED1AF074-6AD8-407C-B9DA-464443182454}.Debug|ARM.Build.0 = Debug|ARM
		{ED1AF074-6AD8-407C-B9DA-464443182454}.Debug|ARM.Deploy.0 = Debug|ARM
		{ED1AF074-6AD8-407C-B9DA-464443182454}.Debug|ARM64.ActiveCfg = Debug|ARM64
		{ED1AF074-6AD8-407C-B9DA-464443182454}.Debug|ARM64.Build.0 = Debug|ARM64
		{ED1AF074-6AD8-407C-B9DA-464443182454}.Debug|ARM64.Deploy.0 = Debug|ARM64
		{ED1AF074-6AD8-407C-B9DA-464443182454}.Debug|x64.ActiveCfg = Debug|x64
		{ED1AF074-6AD8-407C-B9DA-464443182454}.Debug|x64.Build.0 = Debug|x64
		{ED1AF074-6AD8-407C-B9DA-464443182454}.Debug|x64.Deploy.0 = Debug|x64
		{ED1AF074-6AD8-407C-B9DA-464443182454}.Debug|x86.ActiveCfg = Debug|Win32
		{ED1AF074-6AD8-407C-B9DA-464443182454}.Debug|x86.Build.0 = Debug|Win32
		{ED1AF074-6AD8-407C-B9DA-464443182454}.Debug|x86.Deploy.0 = Debug|Win32
		{ED1AF074-6AD8-407C-B9DA-464443182454}.Release|ARM.ActiveCfg = Release|ARM
		{ED1AF074-6AD8-407C-B9DA-464443182454}.Release|ARM.Build.0 = Release|ARM
		{ED1AF074-6AD8-407C-B9DA-464443182454}.Release|ARM.Deploy.0 = Release|ARM
		{ED1AF074-6AD8-407C-B9DA-464443182454}.Release|ARM64.ActiveCfg = Release|ARM64
		{ED1AF074-6AD8-407C-B9DA-464443182454}.Release|ARM64.Build.0 = Release|ARM64
		{ED1AF074-6AD8-407C-B9DA-464443182454}.Release|ARM64.Deploy.0 = Release|ARM64
		{ED1AF074-6AD8-407C-B9DA-464443182454}.Release|x64.ActiveCfg = Release|x64
		{ED1AF074-6AD8-407C-B9DA-464443182454}.Release|x64.Build.0 = Release|x64
		{ED1AF074-6AD8-407C-B9DA-464443182454}.Release|x64.Deploy.0 = Release|x64
		{ED1AF074-6AD8-407C-B9DA-464443182454}.Release|x86.ActiveCfg = Release|Win32
		{ED1AF074-6AD8-407C-B9DA-464443182454}.Release|x86.Build.0 = Release|Win32
		{ED1AF074-6AD8-407C-B9DA-464443182454}.Release|x86.Deploy.0 = Release|Win32
	EndGlobalSection
	GlobalSection(SolutionProperties) = preSolution
		HideSolutionNode = FALSE
	EndGlobalSection
	GlobalSection(ExtensibilityGlobals) = postSolution
		SolutionGuid = {E95A4638-FEB6-4524-8263-70D7BD6B32B4}
	EndGlobalSection
EndGlobal
