
Microsoft Visual Studio Solution File, Format Version 12.00
# Visual Studio Version 16
VisualStudioVersion = 16.0.29806.167
MinimumVisualStudioVersion = 10.0.40219.1
Project("{8BC9CEB8-8B4A-11D0-8D11-00A0C91BC942}") = "1.1.2 编写第一个C 文件", "..\1.1.2 编写第一个C 文件\1.1.2 编写第一个C 文件.vcxproj", "{635D73F4-05C4-45A4-B3F3-8A31C4024950}"
EndProject
Project("{8BC9CEB8-8B4A-11D0-8D11-00A0C91BC942}") = "2.2.3 字符串的使用", "..\2.2.3 字符串的使用\2.2.3 字符串的使用.vcxproj", "{669B714A-EF70-4C57-8DB4-ED381351BA40}"
EndProject
Project("{8BC9CEB8-8B4A-11D0-8D11-00A0C91BC942}") = "3.1.2 字符串的初始化", "3.1.2 字符串的初始化\3.1.2 字符串的初始化.vcxproj", "{547147EB-2CF0-4F80-BB79-F79C8D7E0015}"
EndProject
Project("{8BC9CEB8-8B4A-11D0-8D11-00A0C91BC942}") = "3.1.3 字符串的拷贝", "3.1.3 字符串的拷贝\3.1.3 字符串的拷贝.vcxproj", "{9974F11A-659D-49B5-883F-55090D673C8A}"
EndProject
Project("{8BC9CEB8-8B4A-11D0-8D11-00A0C91BC942}") = "3.1.4 字符串的连接", "3.1.4 字符串的连接\3.1.4 字符串的连接.vcxproj", "{DBA44051-A0F2-4E76-9ECE-82A7C7A64459}"
EndProject
Global
	GlobalSection(SolutionConfigurationPlatforms) = preSolution
		Debug|ARM = Debug|ARM
		Debug|ARM64 = Debug|ARM64
		Debug|x64 = Debug|x64
		Debug|x86 = Debug|x86
		Release|ARM = Release|ARM
		Release|ARM64 = Release|ARM64
		Release|x64 = Release|x64
		Release|x86 = Release|x86
	EndGlobalSection
	GlobalSection(ProjectConfigurationPlatforms) = postSolution
		{635D73F4-05C4-45A4-B3F3-8A31C4024950}.Debug|ARM.ActiveCfg = Debug|ARM
		{635D73F4-05C4-45A4-B3F3-8A31C4024950}.Debug|ARM.Build.0 = Debug|ARM
		{635D73F4-05C4-45A4-B3F3-8A31C4024950}.Debug|ARM.Deploy.0 = Debug|ARM
		{635D73F4-05C4-45A4-B3F3-8A31C4024950}.Debug|ARM64.ActiveCfg = Debug|ARM64
		{635D73F4-05C4-45A4-B3F3-8A31C4024950}.Debug|ARM64.Build.0 = Debug|ARM64
		{635D73F4-05C4-45A4-B3F3-8A31C4024950}.Debug|ARM64.Deploy.0 = Debug|ARM64
		{635D73F4-05C4-45A4-B3F3-8A31C4024950}.Debug|x64.ActiveCfg = Debug|x64
		{635D73F4-05C4-45A4-B3F3-8A31C4024950}.Debug|x64.Build.0 = Debug|x64
		{635D73F4-05C4-45A4-B3F3-8A31C4024950}.Debug|x64.Deploy.0 = Debug|x64
		{635D73F4-05C4-45A4-B3F3-8A31C4024950}.Debug|x86.ActiveCfg = Debug|Win32
		{635D73F4-05C4-45A4-B3F3-8A31C4024950}.Debug|x86.Build.0 = Debug|Win32
		{635D73F4-05C4-45A4-B3F3-8A31C4024950}.Debug|x86.Deploy.0 = Debug|Win32
		{635D73F4-05C4-45A4-B3F3-8A31C4024950}.Release|ARM.ActiveCfg = Release|ARM
		{635D73F4-05C4-45A4-B3F3-8A31C4024950}.Release|ARM.Build.0 = Release|ARM
		{635D73F4-05C4-45A4-B3F3-8A31C4024950}.Release|ARM.Deploy.0 = Release|ARM
		{635D73F4-05C4-45A4-B3F3-8A31C4024950}.Release|ARM64.ActiveCfg = Release|ARM64
		{635D73F4-05C4-45A4-B3F3-8A31C4024950}.Release|ARM64.Build.0 = Release|ARM64
		{635D73F4-05C4-45A4-B3F3-8A31C4024950}.Release|ARM64.Deploy.0 = Release|ARM64
		{635D73F4-05C4-45A4-B3F3-8A31C4024950}.Release|x64.ActiveCfg = Release|x64
		{635D73F4-05C4-45A4-B3F3-8A31C4024950}.Release|x64.Build.0 = Release|x64
		{635D73F4-05C4-45A4-B3F3-8A31C4024950}.Release|x64.Deploy.0 = Release|x64
		{635D73F4-05C4-45A4-B3F3-8A31C4024950}.Release|x86.ActiveCfg = Release|Win32
		{635D73F4-05C4-45A4-B3F3-8A31C4024950}.Release|x86.Build.0 = Release|Win32
		{635D73F4-05C4-45A4-B3F3-8A31C4024950}.Release|x86.Deploy.0 = Release|Win32
		{669B714A-EF70-4C57-8DB4-ED381351BA40}.Debug|ARM.ActiveCfg = Debug|ARM
		{669B714A-EF70-4C57-8DB4-ED381351BA40}.Debug|ARM.Build.0 = Debug|ARM
		{669B714A-EF70-4C57-8DB4-ED381351BA40}.Debug|ARM.Deploy.0 = Debug|ARM
		{669B714A-EF70-4C57-8DB4-ED381351BA40}.Debug|ARM64.ActiveCfg = Debug|ARM64
		{669B714A-EF70-4C57-8DB4-ED381351BA40}.Debug|ARM64.Build.0 = Debug|ARM64
		{669B714A-EF70-4C57-8DB4-ED381351BA40}.Debug|ARM64.Deploy.0 = Debug|ARM64
		{669B714A-EF70-4C57-8DB4-ED381351BA40}.Debug|x64.ActiveCfg = Debug|x64
		{669B714A-EF70-4C57-8DB4-ED381351BA40}.Debug|x64.Build.0 = Debug|x64
		{669B714A-EF70-4C57-8DB4-ED381351BA40}.Debug|x64.Deploy.0 = Debug|x64
		{669B714A-EF70-4C57-8DB4-ED381351BA40}.Debug|x86.ActiveCfg = Debug|Win32
		{669B714A-EF70-4C57-8DB4-ED381351BA40}.Debug|x86.Build.0 = Debug|Win32
		{669B714A-EF70-4C57-8DB4-ED381351BA40}.Debug|x86.Deploy.0 = Debug|Win32
		{669B714A-EF70-4C57-8DB4-ED381351BA40}.Release|ARM.ActiveCfg = Release|ARM
		{669B714A-EF70-4C57-8DB4-ED381351BA40}.Release|ARM.Build.0 = Release|ARM
		{669B714A-EF70-4C57-8DB4-ED381351BA40}.Release|ARM.Deploy.0 = Release|ARM
		{669B714A-EF70-4C57-8DB4-ED381351BA40}.Release|ARM64.ActiveCfg = Release|ARM64
		{669B714A-EF70-4C57-8DB4-ED381351BA40}.Release|ARM64.Build.0 = Release|ARM64
		{669B714A-EF70-4C57-8DB4-ED381351BA40}.Release|ARM64.Deploy.0 = Release|ARM64
		{669B714A-EF70-4C57-8DB4-ED381351BA40}.Release|x64.ActiveCfg = Release|x64
		{669B714A-EF70-4C57-8DB4-ED381351BA40}.Release|x64.Build.0 = Release|x64
		{669B714A-EF70-4C57-8DB4-ED381351BA40}.Release|x64.Deploy.0 = Release|x64
		{669B714A-EF70-4C57-8DB4-ED381351BA40}.Release|x86.ActiveCfg = Release|Win32
		{669B714A-EF70-4C57-8DB4-ED381351BA40}.Release|x86.Build.0 = Release|Win32
		{669B714A-EF70-4C57-8DB4-ED381351BA40}.Release|x86.Deploy.0 = Release|Win32
		{547147EB-2CF0-4F80-BB79-F79C8D7E0015}.Debug|ARM.ActiveCfg = Debug|ARM
		{547147EB-2CF0-4F80-BB79-F79C8D7E0015}.Debug|ARM.Build.0 = Debug|ARM
		{547147EB-2CF0-4F80-BB79-F79C8D7E0015}.Debug|ARM.Deploy.0 = Debug|ARM
		{547147EB-2CF0-4F80-BB79-F79C8D7E0015}.Debug|ARM64.ActiveCfg = Debug|ARM64
		{547147EB-2CF0-4F80-BB79-F79C8D7E0015}.Debug|ARM64.Build.0 = Debug|ARM64
		{547147EB-2CF0-4F80-BB79-F79C8D7E0015}.Debug|ARM64.Deploy.0 = Debug|ARM64
		{547147EB-2CF0-4F80-BB79-F79C8D7E0015}.Debug|x64.ActiveCfg = Debug|x64
		{547147EB-2CF0-4F80-BB79-F79C8D7E0015}.Debug|x64.Build.0 = Debug|x64
		{547147EB-2CF0-4F80-BB79-F79C8D7E0015}.Debug|x64.Deploy.0 = Debug|x64
		{547147EB-2CF0-4F80-BB79-F79C8D7E0015}.Debug|x86.ActiveCfg = Debug|Win32
		{547147EB-2CF0-4F80-BB79-F79C8D7E0015}.Debug|x86.Build.0 = Debug|Win32
		{547147EB-2CF0-4F80-BB79-F79C8D7E0015}.Debug|x86.Deploy.0 = Debug|Win32
		{547147EB-2CF0-4F80-BB79-F79C8D7E0015}.Release|ARM.ActiveCfg = Release|ARM
		{547147EB-2CF0-4F80-BB79-F79C8D7E0015}.Release|ARM.Build.0 = Release|ARM
		{547147EB-2CF0-4F80-BB79-F79C8D7E0015}.Release|ARM.Deploy.0 = Release|ARM
		{547147EB-2CF0-4F80-BB79-F79C8D7E0015}.Release|ARM64.ActiveCfg = Release|ARM64
		{547147EB-2CF0-4F80-BB79-F79C8D7E0015}.Release|ARM64.Build.0 = Release|ARM64
		{547147EB-2CF0-4F80-BB79-F79C8D7E0015}.Release|ARM64.Deploy.0 = Release|ARM64
		{547147EB-2CF0-4F80-BB79-F79C8D7E0015}.Release|x64.ActiveCfg = Release|x64
		{547147EB-2CF0-4F80-BB79-F79C8D7E0015}.Release|x64.Build.0 = Release|x64
		{547147EB-2CF0-4F80-BB79-F79C8D7E0015}.Release|x64.Deploy.0 = Release|x64
		{547147EB-2CF0-4F80-BB79-F79C8D7E0015}.Release|x86.ActiveCfg = Release|Win32
		{547147EB-2CF0-4F80-BB79-F79C8D7E0015}.Release|x86.Build.0 = Release|Win32
		{547147EB-2CF0-4F80-BB79-F79C8D7E0015}.Release|x86.Deploy.0 = Release|Win32
		{9974F11A-659D-49B5-883F-55090D673C8A}.Debug|ARM.ActiveCfg = Debug|ARM
		{9974F11A-659D-49B5-883F-55090D673C8A}.Debug|ARM.Build.0 = Debug|ARM
		{9974F11A-659D-49B5-883F-55090D673C8A}.Debug|ARM.Deploy.0 = Debug|ARM
		{9974F11A-659D-49B5-883F-55090D673C8A}.Debug|ARM64.ActiveCfg = Debug|ARM64
		{9974F11A-659D-49B5-883F-55090D673C8A}.Debug|ARM64.Build.0 = Debug|ARM64
		{9974F11A-659D-49B5-883F-55090D673C8A}.Debug|ARM64.Deploy.0 = Debug|ARM64
		{9974F11A-659D-49B5-883F-55090D673C8A}.Debug|x64.ActiveCfg = Debug|x64
		{9974F11A-659D-49B5-883F-55090D673C8A}.Debug|x64.Build.0 = Debug|x64
		{9974F11A-659D-49B5-883F-55090D673C8A}.Debug|x64.Deploy.0 = Debug|x64
		{9974F11A-659D-49B5-883F-55090D673C8A}.Debug|x86.ActiveCfg = Debug|Win32
		{9974F11A-659D-49B5-883F-55090D673C8A}.Debug|x86.Build.0 = Debug|Win32
		{9974F11A-659D-49B5-883F-55090D673C8A}.Debug|x86.Deploy.0 = Debug|Win32
		{9974F11A-659D-49B5-883F-55090D673C8A}.Release|ARM.ActiveCfg = Release|ARM
		{9974F11A-659D-49B5-883F-55090D673C8A}.Release|ARM.Build.0 = Release|ARM
		{9974F11A-659D-49B5-883F-55090D673C8A}.Release|ARM.Deploy.0 = Release|ARM
		{9974F11A-659D-49B5-883F-55090D673C8A}.Release|ARM64.ActiveCfg = Release|ARM64
		{9974F11A-659D-49B5-883F-55090D673C8A}.Release|ARM64.Build.0 = Release|ARM64
		{9974F11A-659D-49B5-883F-55090D673C8A}.Release|ARM64.Deploy.0 = Release|ARM64
		{9974F11A-659D-49B5-883F-55090D673C8A}.Release|x64.ActiveCfg = Release|x64
		{9974F11A-659D-49B5-883F-55090D673C8A}.Release|x64.Build.0 = Release|x64
		{9974F11A-659D-49B5-883F-55090D673C8A}.Release|x64.Deploy.0 = Release|x64
		{9974F11A-659D-49B5-883F-55090D673C8A}.Release|x86.ActiveCfg = Release|Win32
		{9974F11A-659D-49B5-883F-55090D673C8A}.Release|x86.Build.0 = Release|Win32
		{9974F11A-659D-49B5-883F-55090D673C8A}.Release|x86.Deploy.0 = Release|Win32
		{DBA44051-A0F2-4E76-9ECE-82A7C7A64459}.Debug|ARM.ActiveCfg = Debug|ARM
		{DBA44051-A0F2-4E76-9ECE-82A7C7A64459}.Debug|ARM.Build.0 = Debug|ARM
		{DBA44051-A0F2-4E76-9ECE-82A7C7A64459}.Debug|ARM.Deploy.0 = Debug|ARM
		{DBA44051-A0F2-4E76-9ECE-82A7C7A64459}.Debug|ARM64.ActiveCfg = Debug|ARM64
		{DBA44051-A0F2-4E76-9ECE-82A7C7A64459}.Debug|ARM64.Build.0 = Debug|ARM64
		{DBA44051-A0F2-4E76-9ECE-82A7C7A64459}.Debug|ARM64.Deploy.0 = Debug|ARM64
		{DBA44051-A0F2-4E76-9ECE-82A7C7A64459}.Debug|x64.ActiveCfg = Debug|x64
		{DBA44051-A0F2-4E76-9ECE-82A7C7A64459}.Debug|x64.Build.0 = Debug|x64
		{DBA44051-A0F2-4E76-9ECE-82A7C7A64459}.Debug|x64.Deploy.0 = Debug|x64
		{DBA44051-A0F2-4E76-9ECE-82A7C7A64459}.Debug|x86.ActiveCfg = Debug|Win32
		{DBA44051-A0F2-4E76-9ECE-82A7C7A64459}.Debug|x86.Build.0 = Debug|Win32
		{DBA44051-A0F2-4E76-9ECE-82A7C7A64459}.Debug|x86.Deploy.0 = Debug|Win32
		{DBA44051-A0F2-4E76-9ECE-82A7C7A64459}.Release|ARM.ActiveCfg = Release|ARM
		{DBA44051-A0F2-4E76-9ECE-82A7C7A64459}.Release|ARM.Build.0 = Release|ARM
		{DBA44051-A0F2-4E76-9ECE-82A7C7A64459}.Release|ARM.Deploy.0 = Release|ARM
		{DBA44051-A0F2-4E76-9ECE-82A7C7A64459}.Release|ARM64.ActiveCfg = Release|ARM64
		{DBA44051-A0F2-4E76-9ECE-82A7C7A64459}.Release|ARM64.Build.0 = Release|ARM64
		{DBA44051-A0F2-4E76-9ECE-82A7C7A64459}.Release|ARM64.Deploy.0 = Release|ARM64
		{DBA44051-A0F2-4E76-9ECE-82A7C7A64459}.Release|x64.ActiveCfg = Release|x64
		{DBA44051-A0F2-4E76-9ECE-82A7C7A64459}.Release|x64.Build.0 = Release|x64
		{DBA44051-A0F2-4E76-9ECE-82A7C7A64459}.Release|x64.Deploy.0 = Release|x64
		{DBA44051-A0F2-4E76-9ECE-82A7C7A64459}.Release|x86.ActiveCfg = Release|Win32
		{DBA44051-A0F2-4E76-9ECE-82A7C7A64459}.Release|x86.Build.0 = Release|Win32
		{DBA44051-A0F2-4E76-9ECE-82A7C7A64459}.Release|x86.Deploy.0 = Release|Win32
	EndGlobalSection
	GlobalSection(SolutionProperties) = preSolution
		HideSolutionNode = FALSE
	EndGlobalSection
	GlobalSection(ExtensibilityGlobals) = postSolution
		SolutionGuid = {E95A4638-FEB6-4524-8263-70D7BD6B32B4}
	EndGlobalSection
EndGlobal
